{
  "name": "zer",
  "version": "0.0.1",
  "lockfileVersion": 1,
  "requires": true,
  "dependencies": {
    "prettier": {
      "version": "2.2.1",
      "dev": true
    },
    "tslib": {
      "version": "2.2.0",
      "dev": true
    },
    "typescript": {
      "version": "4.2.4",
      "dev": true
    }
  }
}
